
Microsoft Visual Studio Solution File, Format Version 12.00
# Visual Studio Version 16
VisualStudioVersion = 16.0.29709.97
MinimumVisualStudioVersion = 10.0.40219.1
Project("{FAE04EC0-301F-11D3-BF4B-00C04F79EFBC}") = "Shahki", "Shahki\Shahki.csproj", "{331B3DB8-74FE-43B3-B744-64DE8E462829}"
EndProject
Global
	GlobalSection(SolutionConfigurationPlatforms) = preSolution
		Debug|Any CPU = Debug|Any CPU
		Release|Any CPU = Release|Any CPU
	EndGlobalSection
	GlobalSection(ProjectConfigurationPlatforms) = postSolution
		{331B3DB8-74FE-43B3-B744-64DE8E462829}.Debug|Any CPU.ActiveCfg = Debug|Any CPU
		{331B3DB8-74FE-43B3-B744-64DE8E462829}.Debug|Any CPU.Build.0 = Debug|Any CPU
		{331B3DB8-74FE-43B3-B744-64DE8E462829}.Release|Any CPU.ActiveCfg = Release|Any CPU
		{331B3DB8-74FE-43B3-B744-64DE8E462829}.Release|Any CPU.Build.0 = Release|Any CPU
	EndGlobalSection
	GlobalSection(SolutionProperties) = preSolution
		HideSolutionNode = FALSE
	EndGlobalSection
	GlobalSection(ExtensibilityGlobals) = postSolution
		SolutionGuid = {5BBE54BA-2247-48F8-9A90-5C7FCD1BE93E}
	EndGlobalSection
EndGlobal
